
Microsoft Visual Studio Solution File, Format Version 12.00
# Visual Studio 15
VisualStudioVersion = 15.0.26730.15
MinimumVisualStudioVersion = 10.0.40219.1
Project("{9A19103F-16F7-4668-BE54-9A1E7A4F7556}") = "Clarifai", "Clarifai\Clarifai.csproj", "{A5FCAF13-D14D-42DD-96A6-572E7F8D3009}"
EndProject
Project("{9A19103F-16F7-4668-BE54-9A1E7A4F7556}") = "Clarifai.IntegrationTests", "Clarifai.IntegrationTests\Clarifai.IntegrationTests.csproj", "{07743954-692F-47E8-ADAF-84CD9EEA2978}"
EndProject
Project("{FAE04EC0-301F-11D3-BF4B-00C04F79EFBC}") = "Clarifai.UnitTests", "Clarifai.UnitTests\Clarifai.UnitTests.csproj", "{AE4166D3-8E09-4A8B-B154-8A2A8CDD551C}"
EndProject
Global
	GlobalSection(SolutionConfigurationPlatforms) = preSolution
		Debug|Any CPU = Debug|Any CPU
		Release|Any CPU = Release|Any CPU
	EndGlobalSection
	GlobalSection(ProjectConfigurationPlatforms) = postSolution
		{A5FCAF13-D14D-42DD-96A6-572E7F8D3009}.Debug|Any CPU.ActiveCfg = Debug|Any CPU
		{A5FCAF13-D14D-42DD-96A6-572E7F8D3009}.Debug|Any CPU.Build.0 = Debug|Any CPU
		{A5FCAF13-D14D-42DD-96A6-572E7F8D3009}.Release|Any CPU.ActiveCfg = Release|Any CPU
		{A5FCAF13-D14D-42DD-96A6-572E7F8D3009}.Release|Any CPU.Build.0 = Release|Any CPU
		{07743954-692F-47E8-ADAF-84CD9EEA2978}.Debug|Any CPU.ActiveCfg = Debug|Any CPU
		{07743954-692F-47E8-ADAF-84CD9EEA2978}.Debug|Any CPU.Build.0 = Debug|Any CPU
		{07743954-692F-47E8-ADAF-84CD9EEA2978}.Release|Any CPU.ActiveCfg = Release|Any CPU
		{07743954-692F-47E8-ADAF-84CD9EEA2978}.Release|Any CPU.Build.0 = Release|Any CPU
		{AE4166D3-8E09-4A8B-B154-8A2A8CDD551C}.Debug|Any CPU.ActiveCfg = Debug|Any CPU
		{AE4166D3-8E09-4A8B-B154-8A2A8CDD551C}.Debug|Any CPU.Build.0 = Debug|Any CPU
		{AE4166D3-8E09-4A8B-B154-8A2A8CDD551C}.Release|Any CPU.ActiveCfg = Release|Any CPU
		{AE4166D3-8E09-4A8B-B154-8A2A8CDD551C}.Release|Any CPU.Build.0 = Release|Any CPU
	EndGlobalSection
	GlobalSection(SolutionProperties) = preSolution
		HideSolutionNode = FALSE
	EndGlobalSection
	GlobalSection(ExtensibilityGlobals) = postSolution
		SolutionGuid = {87259CB0-7404-47A5-846B-50FDD68AE0FE}
	EndGlobalSection
EndGlobal
